{
  "name": "ts",
  "lockfileVersion": 3,
  "requires": true,
  "packages": {
    "": {
      "dependencies": {
        "@azure/identity": "^4.3.0",
        "@microsoft/kiota-authentication-azure": "^1.0.0-preview.51",
        "@microsoft/msgraph-sdk": "^1.0.0-preview.24",
        "@microsoft/msgraph-sdk-users": "^1.0.0-preview.24",
        "tsx": "^4.15.6",
        "typescript": "^5.4.5"
      }
    },
    "node_modules/@azure/abort-controller": {
      "version": "1.1.0",
      "resolved": "https://registry.npmjs.org/@azure/abort-controller/-/abort-controller-1.1.0.tgz",
      "integrity": "sha512-TrRLIoSQVzfAJX9H1JeFjzAoDGcoK1IYX1UImfceTZpsyYfWr09Ss1aHW1y5TrrR3iq6RZLBwJ3E24uwPhwahw==",
      "dependencies": {
        "tslib": "^2.2.0"
      },
      "engines": {
        "node": ">=12.0.0"
      }
    },
    "node_modules/@azure/core-auth": {
      "version": "1.7.2",
      "resolved": "https://registry.npmjs.org/@azure/core-auth/-/core-auth-1.7.2.tgz",
      "integrity": "sha512-Igm/S3fDYmnMq1uKS38Ae1/m37B3zigdlZw+kocwEhh5GjyKjPrXKO2J6rzpC1wAxrNil/jX9BJRqBshyjnF3g==",
      "dependencies": {
        "@azure/abort-controller": "^2.0.0",
        "@azure/core-util": "^1.1.0",
        "tslib": "^2.6.2"
      },
      "engines": {
        "node": ">=18.0.0"
      }
    },
    "node_modules/@azure/core-auth/node_modules/@azure/abort-controller": {
      "version": "2.1.2",
      "resolved": "https://registry.npmjs.org/@azure/abort-controller/-/abort-controller-2.1.2.tgz",
      "integrity": "sha512-nBrLsEWm4J2u5LpAPjxADTlq3trDgVZZXHNKabeXZtpq3d3AbN/KGO82R87rdDz5/lYB024rtEf10/q0urNgsA==",
      "dependencies": {
        "tslib": "^2.6.2"
      },
      "engines": {
        "node": ">=18.0.0"
      }
    },
    "node_modules/@azure/core-client": {
      "version": "1.9.2",
      "resolved": "https://registry.npmjs.org/@azure/core-client/-/core-client-1.9.2.tgz",
      "integrity": "sha512-kRdry/rav3fUKHl/aDLd/pDLcB+4pOFwPPTVEExuMyaI5r+JBbMWqRbCY1pn5BniDaU3lRxO9eaQ1AmSMehl/w==",
      "dependencies": {
        "@azure/abort-controller": "^2.0.0",
        "@azure/core-auth": "^1.4.0",
        "@azure/core-rest-pipeline": "^1.9.1",
        "@azure/core-tracing": "^1.0.0",
        "@azure/core-util": "^1.6.1",
        "@azure/logger": "^1.0.0",
        "tslib": "^2.6.2"
      },
      "engines": {
        "node": ">=18.0.0"
      }
    },
    "node_modules/@azure/core-client/node_modules/@azure/abort-controller": {
      "version": "2.1.2",
      "resolved": "https://registry.npmjs.org/@azure/abort-controller/-/abort-controller-2.1.2.tgz",
      "integrity": "sha512-nBrLsEWm4J2u5LpAPjxADTlq3trDgVZZXHNKabeXZtpq3d3AbN/KGO82R87rdDz5/lYB024rtEf10/q0urNgsA==",
      "dependencies": {
        "tslib": "^2.6.2"
      },
      "engines": {
        "node": ">=18.0.0"
      }
    },
    "node_modules/@azure/core-rest-pipeline": {
      "version": "1.16.0",
      "resolved": "https://registry.npmjs.org/@azure/core-rest-pipeline/-/core-rest-pipeline-1.16.0.tgz",
      "integrity": "sha512-CeuTvsXxCUmEuxH5g/aceuSl6w2EugvNHKAtKKVdiX915EjJJxAwfzNNWZreNnbxHZ2fi0zaM6wwS23x2JVqSQ==",
      "dependencies": {
        "@azure/abort-controller": "^2.0.0",
        "@azure/core-auth": "^1.4.0",
        "@azure/core-tracing": "^1.0.1",
        "@azure/core-util": "^1.9.0",
        "@azure/logger": "^1.0.0",
        "http-proxy-agent": "^7.0.0",
        "https-proxy-agent": "^7.0.0",
        "tslib": "^2.6.2"
      },
      "engines": {
        "node": ">=18.0.0"
      }
    },
    "node_modules/@azure/core-rest-pipeline/node_modules/@azure/abort-controller": {
      "version": "2.1.2",
      "resolved": "https://registry.npmjs.org/@azure/abort-controller/-/abort-controller-2.1.2.tgz",
      "integrity": "sha512-nBrLsEWm4J2u5LpAPjxADTlq3trDgVZZXHNKabeXZtpq3d3AbN/KGO82R87rdDz5/lYB024rtEf10/q0urNgsA==",
      "dependencies": {
        "tslib": "^2.6.2"
      },
      "engines": {
        "node": ">=18.0.0"
      }
    },
    "node_modules/@azure/core-tracing": {
      "version": "1.1.2",
      "resolved": "https://registry.npmjs.org/@azure/core-tracing/-/core-tracing-1.1.2.tgz",
      "integrity": "sha512-dawW9ifvWAWmUm9/h+/UQ2jrdvjCJ7VJEuCJ6XVNudzcOwm53BFZH4Q845vjfgoUAM8ZxokvVNxNxAITc502YA==",
      "dependencies": {
        "tslib": "^2.6.2"
      },
      "engines": {
        "node": ">=18.0.0"
      }
    },
    "node_modules/@azure/core-util": {
      "version": "1.9.0",
      "resolved": "https://registry.npmjs.org/@azure/core-util/-/core-util-1.9.0.tgz",
      "integrity": "sha512-AfalUQ1ZppaKuxPPMsFEUdX6GZPB3d9paR9d/TTL7Ow2De8cJaC7ibi7kWVlFAVPCYo31OcnGymc0R89DX8Oaw==",
      "dependencies": {
        "@azure/abort-controller": "^2.0.0",
        "tslib": "^2.6.2"
      },
      "engines": {
        "node": ">=18.0.0"
      }
    },
    "node_modules/@azure/core-util/node_modules/@azure/abort-controller": {
      "version": "2.1.2",
      "resolved": "https://registry.npmjs.org/@azure/abort-controller/-/abort-controller-2.1.2.tgz",
      "integrity": "sha512-nBrLsEWm4J2u5LpAPjxADTlq3trDgVZZXHNKabeXZtpq3d3AbN/KGO82R87rdDz5/lYB024rtEf10/q0urNgsA==",
      "dependencies": {
        "tslib": "^2.6.2"
      },
      "engines": {
        "node": ">=18.0.0"
      }
    },
    "node_modules/@azure/identity": {
      "version": "4.4.1",
      "resolved": "https://registry.npmjs.org/@azure/identity/-/identity-4.4.1.tgz",
      "integrity": "sha512-DwnG4cKFEM7S3T+9u05NstXU/HN0dk45kPOinUyNKsn5VWwpXd9sbPKEg6kgJzGbm1lMuhx9o31PVbCtM5sfBA==",
      "license": "MIT",
      "dependencies": {
        "@azure/abort-controller": "^1.0.0",
        "@azure/core-auth": "^1.5.0",
        "@azure/core-client": "^1.9.2",
        "@azure/core-rest-pipeline": "^1.1.0",
        "@azure/core-tracing": "^1.0.0",
        "@azure/core-util": "^1.3.0",
        "@azure/logger": "^1.0.0",
        "@azure/msal-browser": "^3.14.0",
        "@azure/msal-node": "^2.9.2",
        "events": "^3.0.0",
        "jws": "^4.0.0",
        "open": "^8.0.0",
        "stoppable": "^1.1.0",
        "tslib": "^2.2.0"
      },
      "engines": {
        "node": ">=18.0.0"
      }
    },
    "node_modules/@azure/logger": {
      "version": "1.1.2",
      "resolved": "https://registry.npmjs.org/@azure/logger/-/logger-1.1.2.tgz",
      "integrity": "sha512-l170uE7bsKpIU6B/giRc9i4NI0Mj+tANMMMxf7Zi/5cKzEqPayP7+X1WPrG7e+91JgY8N+7K7nF2WOi7iVhXvg==",
      "dependencies": {
        "tslib": "^2.6.2"
      },
      "engines": {
        "node": ">=18.0.0"
      }
    },
    "node_modules/@azure/msal-browser": {
      "version": "3.17.0",
      "resolved": "https://registry.npmjs.org/@azure/msal-browser/-/msal-browser-3.17.0.tgz",
      "integrity": "sha512-csccKXmW2z7EkZ0I3yAoW/offQt+JECdTIV/KrnRoZyM7wCSsQWODpwod8ZhYy7iOyamcHApR9uCh0oD1M+0/A==",
      "dependencies": {
        "@azure/msal-common": "14.12.0"
      },
      "engines": {
        "node": ">=0.8.0"
      }
    },
    "node_modules/@azure/msal-common": {
      "version": "14.12.0",
      "resolved": "https://registry.npmjs.org/@azure/msal-common/-/msal-common-14.12.0.tgz",
      "integrity": "sha512-IDDXmzfdwmDkv4SSmMEyAniJf6fDu3FJ7ncOjlxkDuT85uSnLEhZi3fGZpoR7T4XZpOMx9teM9GXBgrfJgyeBw==",
      "engines": {
        "node": ">=0.8.0"
      }
    },
    "node_modules/@azure/msal-node": {
      "version": "2.9.2",
      "resolved": "https://registry.npmjs.org/@azure/msal-node/-/msal-node-2.9.2.tgz",
      "integrity": "sha512-8tvi6Cos3m+0KmRbPjgkySXi+UQU/QiuVRFnrxIwt5xZlEEFa69O04RTaNESGgImyBBlYbo2mfE8/U8Bbdk1WQ==",
      "dependencies": {
        "@azure/msal-common": "14.12.0",
        "jsonwebtoken": "^9.0.0",
        "uuid": "^8.3.0"
      },
      "engines": {
        "node": ">=16"
      }
    },
    "node_modules/@esbuild/aix-ppc64": {
      "version": "0.21.5",
      "resolved": "https://registry.npmjs.org/@esbuild/aix-ppc64/-/aix-ppc64-0.21.5.tgz",
      "integrity": "sha512-1SDgH6ZSPTlggy1yI6+Dbkiz8xzpHJEVAlF/AM1tHPLsf5STom9rwtjE4hKAF20FfXXNTFqEYXyJNWh1GiZedQ==",
      "cpu": [
        "ppc64"
      ],
      "optional": true,
      "os": [
        "aix"
      ],
      "engines": {
        "node": ">=12"
      }
    },
    "node_modules/@esbuild/android-arm": {
      "version": "0.21.5",
      "resolved": "https://registry.npmjs.org/@esbuild/android-arm/-/android-arm-0.21.5.tgz",
      "integrity": "sha512-vCPvzSjpPHEi1siZdlvAlsPxXl7WbOVUBBAowWug4rJHb68Ox8KualB+1ocNvT5fjv6wpkX6o/iEpbDrf68zcg==",
      "cpu": [
        "arm"
      ],
      "optional": true,
      "os": [
        "android"
      ],
      "engines": {
        "node": ">=12"
      }
    },
    "node_modules/@esbuild/android-arm64": {
      "version": "0.21.5",
      "resolved": "https://registry.npmjs.org/@esbuild/android-arm64/-/android-arm64-0.21.5.tgz",
      "integrity": "sha512-c0uX9VAUBQ7dTDCjq+wdyGLowMdtR/GoC2U5IYk/7D1H1JYC0qseD7+11iMP2mRLN9RcCMRcjC4YMclCzGwS/A==",
      "cpu": [
        "arm64"
      ],
      "optional": true,
      "os": [
        "android"
      ],
      "engines": {
        "node": ">=12"
      }
    },
    "node_modules/@esbuild/android-x64": {
      "version": "0.21.5",
      "resolved": "https://registry.npmjs.org/@esbuild/android-x64/-/android-x64-0.21.5.tgz",
      "integrity": "sha512-D7aPRUUNHRBwHxzxRvp856rjUHRFW1SdQATKXH2hqA0kAZb1hKmi02OpYRacl0TxIGz/ZmXWlbZgjwWYaCakTA==",
      "cpu": [
        "x64"
      ],
      "optional": true,
      "os": [
        "android"
      ],
      "engines": {
        "node": ">=12"
      }
    },
    "node_modules/@esbuild/darwin-arm64": {
      "version": "0.21.5",
      "resolved": "https://registry.npmjs.org/@esbuild/darwin-arm64/-/darwin-arm64-0.21.5.tgz",
      "integrity": "sha512-DwqXqZyuk5AiWWf3UfLiRDJ5EDd49zg6O9wclZ7kUMv2WRFr4HKjXp/5t8JZ11QbQfUS6/cRCKGwYhtNAY88kQ==",
      "cpu": [
        "arm64"
      ],
      "optional": true,
      "os": [
        "darwin"
      ],
      "engines": {
        "node": ">=12"
      }
    },
    "node_modules/@esbuild/darwin-x64": {
      "version": "0.21.5",
      "resolved": "https://registry.npmjs.org/@esbuild/darwin-x64/-/darwin-x64-0.21.5.tgz",
      "integrity": "sha512-se/JjF8NlmKVG4kNIuyWMV/22ZaerB+qaSi5MdrXtd6R08kvs2qCN4C09miupktDitvh8jRFflwGFBQcxZRjbw==",
      "cpu": [
        "x64"
      ],
      "optional": true,
      "os": [
        "darwin"
      ],
      "engines": {
        "node": ">=12"
      }
    },
    "node_modules/@esbuild/freebsd-arm64": {
      "version": "0.21.5",
      "resolved": "https://registry.npmjs.org/@esbuild/freebsd-arm64/-/freebsd-arm64-0.21.5.tgz",
      "integrity": "sha512-5JcRxxRDUJLX8JXp/wcBCy3pENnCgBR9bN6JsY4OmhfUtIHe3ZW0mawA7+RDAcMLrMIZaf03NlQiX9DGyB8h4g==",
      "cpu": [
        "arm64"
      ],
      "optional": true,
      "os": [
        "freebsd"
      ],
      "engines": {
        "node": ">=12"
      }
    },
    "node_modules/@esbuild/freebsd-x64": {
      "version": "0.21.5",
      "resolved": "https://registry.npmjs.org/@esbuild/freebsd-x64/-/freebsd-x64-0.21.5.tgz",
      "integrity": "sha512-J95kNBj1zkbMXtHVH29bBriQygMXqoVQOQYA+ISs0/2l3T9/kj42ow2mpqerRBxDJnmkUDCaQT/dfNXWX/ZZCQ==",
      "cpu": [
        "x64"
      ],
      "optional": true,
      "os": [
        "freebsd"
      ],
      "engines": {
        "node": ">=12"
      }
    },
    "node_modules/@esbuild/linux-arm": {
      "version": "0.21.5",
      "resolved": "https://registry.npmjs.org/@esbuild/linux-arm/-/linux-arm-0.21.5.tgz",
      "integrity": "sha512-bPb5AHZtbeNGjCKVZ9UGqGwo8EUu4cLq68E95A53KlxAPRmUyYv2D6F0uUI65XisGOL1hBP5mTronbgo+0bFcA==",
      "cpu": [
        "arm"
      ],
      "optional": true,
      "os": [
        "linux"
      ],
      "engines": {
        "node": ">=12"
      }
    },
    "node_modules/@esbuild/linux-arm64": {
      "version": "0.21.5",
      "resolved": "https://registry.npmjs.org/@esbuild/linux-arm64/-/linux-arm64-0.21.5.tgz",
      "integrity": "sha512-ibKvmyYzKsBeX8d8I7MH/TMfWDXBF3db4qM6sy+7re0YXya+K1cem3on9XgdT2EQGMu4hQyZhan7TeQ8XkGp4Q==",
      "cpu": [
        "arm64"
      ],
      "optional": true,
      "os": [
        "linux"
      ],
      "engines": {
        "node": ">=12"
      }
    },
    "node_modules/@esbuild/linux-ia32": {
      "version": "0.21.5",
      "resolved": "https://registry.npmjs.org/@esbuild/linux-ia32/-/linux-ia32-0.21.5.tgz",
      "integrity": "sha512-YvjXDqLRqPDl2dvRODYmmhz4rPeVKYvppfGYKSNGdyZkA01046pLWyRKKI3ax8fbJoK5QbxblURkwK/MWY18Tg==",
      "cpu": [
        "ia32"
      ],
      "optional": true,
      "os": [
        "linux"
      ],
      "engines": {
        "node": ">=12"
      }
    },
    "node_modules/@esbuild/linux-loong64": {
      "version": "0.21.5",
      "resolved": "https://registry.npmjs.org/@esbuild/linux-loong64/-/linux-loong64-0.21.5.tgz",
      "integrity": "sha512-uHf1BmMG8qEvzdrzAqg2SIG/02+4/DHB6a9Kbya0XDvwDEKCoC8ZRWI5JJvNdUjtciBGFQ5PuBlpEOXQj+JQSg==",
      "cpu": [
        "loong64"
      ],
      "optional": true,
      "os": [
        "linux"
      ],
      "engines": {
        "node": ">=12"
      }
    },
    "node_modules/@esbuild/linux-mips64el": {
      "version": "0.21.5",
      "resolved": "https://registry.npmjs.org/@esbuild/linux-mips64el/-/linux-mips64el-0.21.5.tgz",
      "integrity": "sha512-IajOmO+KJK23bj52dFSNCMsz1QP1DqM6cwLUv3W1QwyxkyIWecfafnI555fvSGqEKwjMXVLokcV5ygHW5b3Jbg==",
      "cpu": [
        "mips64el"
      ],
      "optional": true,
      "os": [
        "linux"
      ],
      "engines": {
        "node": ">=12"
      }
    },
    "node_modules/@esbuild/linux-ppc64": {
      "version": "0.21.5",
      "resolved": "https://registry.npmjs.org/@esbuild/linux-ppc64/-/linux-ppc64-0.21.5.tgz",
      "integrity": "sha512-1hHV/Z4OEfMwpLO8rp7CvlhBDnjsC3CttJXIhBi+5Aj5r+MBvy4egg7wCbe//hSsT+RvDAG7s81tAvpL2XAE4w==",
      "cpu": [
        "ppc64"
      ],
      "optional": true,
      "os": [
        "linux"
      ],
      "engines": {
        "node": ">=12"
      }
    },
    "node_modules/@esbuild/linux-riscv64": {
      "version": "0.21.5",
      "resolved": "https://registry.npmjs.org/@esbuild/linux-riscv64/-/linux-riscv64-0.21.5.tgz",
      "integrity": "sha512-2HdXDMd9GMgTGrPWnJzP2ALSokE/0O5HhTUvWIbD3YdjME8JwvSCnNGBnTThKGEB91OZhzrJ4qIIxk/SBmyDDA==",
      "cpu": [
        "riscv64"
      ],
      "optional": true,
      "os": [
        "linux"
      ],
      "engines": {
        "node": ">=12"
      }
    },
    "node_modules/@esbuild/linux-s390x": {
      "version": "0.21.5",
      "resolved": "https://registry.npmjs.org/@esbuild/linux-s390x/-/linux-s390x-0.21.5.tgz",
      "integrity": "sha512-zus5sxzqBJD3eXxwvjN1yQkRepANgxE9lgOW2qLnmr8ikMTphkjgXu1HR01K4FJg8h1kEEDAqDcZQtbrRnB41A==",
      "cpu": [
        "s390x"
      ],
      "optional": true,
      "os": [
        "linux"
      ],
      "engines": {
        "node": ">=12"
      }
    },
    "node_modules/@esbuild/linux-x64": {
      "version": "0.21.5",
      "resolved": "https://registry.npmjs.org/@esbuild/linux-x64/-/linux-x64-0.21.5.tgz",
      "integrity": "sha512-1rYdTpyv03iycF1+BhzrzQJCdOuAOtaqHTWJZCWvijKD2N5Xu0TtVC8/+1faWqcP9iBCWOmjmhoH94dH82BxPQ==",
      "cpu": [
        "x64"
      ],
      "optional": true,
      "os": [
        "linux"
      ],
      "engines": {
        "node": ">=12"
      }
    },
    "node_modules/@esbuild/netbsd-x64": {
      "version": "0.21.5",
      "resolved": "https://registry.npmjs.org/@esbuild/netbsd-x64/-/netbsd-x64-0.21.5.tgz",
      "integrity": "sha512-Woi2MXzXjMULccIwMnLciyZH4nCIMpWQAs049KEeMvOcNADVxo0UBIQPfSmxB3CWKedngg7sWZdLvLczpe0tLg==",
      "cpu": [
        "x64"
      ],
      "optional": true,
      "os": [
        "netbsd"
      ],
      "engines": {
        "node": ">=12"
      }
    },
    "node_modules/@esbuild/openbsd-x64": {
      "version": "0.21.5",
      "resolved": "https://registry.npmjs.org/@esbuild/openbsd-x64/-/openbsd-x64-0.21.5.tgz",
      "integrity": "sha512-HLNNw99xsvx12lFBUwoT8EVCsSvRNDVxNpjZ7bPn947b8gJPzeHWyNVhFsaerc0n3TsbOINvRP2byTZ5LKezow==",
      "cpu": [
        "x64"
      ],
      "optional": true,
      "os": [
        "openbsd"
      ],
      "engines": {
        "node": ">=12"
      }
    },
    "node_modules/@esbuild/sunos-x64": {
      "version": "0.21.5",
      "resolved": "https://registry.npmjs.org/@esbuild/sunos-x64/-/sunos-x64-0.21.5.tgz",
      "integrity": "sha512-6+gjmFpfy0BHU5Tpptkuh8+uw3mnrvgs+dSPQXQOv3ekbordwnzTVEb4qnIvQcYXq6gzkyTnoZ9dZG+D4garKg==",
      "cpu": [
        "x64"
      ],
      "optional": true,
      "os": [
        "sunos"
      ],
      "engines": {
        "node": ">=12"
      }
    },
    "node_modules/@esbuild/win32-arm64": {
      "version": "0.21.5",
      "resolved": "https://registry.npmjs.org/@esbuild/win32-arm64/-/win32-arm64-0.21.5.tgz",
      "integrity": "sha512-Z0gOTd75VvXqyq7nsl93zwahcTROgqvuAcYDUr+vOv8uHhNSKROyU961kgtCD1e95IqPKSQKH7tBTslnS3tA8A==",
      "cpu": [
        "arm64"
      ],
      "optional": true,
      "os": [
        "win32"
      ],
      "engines": {
        "node": ">=12"
      }
    },
    "node_modules/@esbuild/win32-ia32": {
      "version": "0.21.5",
      "resolved": "https://registry.npmjs.org/@esbuild/win32-ia32/-/win32-ia32-0.21.5.tgz",
      "integrity": "sha512-SWXFF1CL2RVNMaVs+BBClwtfZSvDgtL//G/smwAc5oVK/UPu2Gu9tIaRgFmYFFKrmg3SyAjSrElf0TiJ1v8fYA==",
      "cpu": [
        "ia32"
      ],
      "optional": true,
      "os": [
        "win32"
      ],
      "engines": {
        "node": ">=12"
      }
    },
    "node_modules/@esbuild/win32-x64": {
      "version": "0.21.5",
      "resolved": "https://registry.npmjs.org/@esbuild/win32-x64/-/win32-x64-0.21.5.tgz",
      "integrity": "sha512-tQd/1efJuzPC6rCFwEvLtci/xNFcTZknmXs98FYDfGE4wP9ClFV98nyKrzJKVPMhdDnjzLhdUyMX4PsQAPjwIw==",
      "cpu": [
        "x64"
      ],
      "optional": true,
      "os": [
        "win32"
      ],
      "engines": {
        "node": ">=12"
      }
    },
    "node_modules/@microsoft/kiota-abstractions": {
      "version": "1.0.0-preview.56",
      "resolved": "https://registry.npmjs.org/@microsoft/kiota-abstractions/-/kiota-abstractions-1.0.0-preview.56.tgz",
      "integrity": "sha512-mVrmuCvD9V/h19/cwXDQFPEObq5ipM+HK39rhvXe1EsaBjHdbmIaiiVJMNNy9ZRKSniUreb5f12ailomLrWATA==",
      "dependencies": {
        "@opentelemetry/api": "^1.7.0",
        "@std-uritemplate/std-uritemplate": "^0.0.59",
        "guid-typescript": "^1.0.9",
        "tinyduration": "^3.3.0",
        "tslib": "^2.6.2",
        "uuid": "^10.0.0"
      }
    },
    "node_modules/@microsoft/kiota-abstractions/node_modules/uuid": {
      "version": "10.0.0",
      "resolved": "https://registry.npmjs.org/uuid/-/uuid-10.0.0.tgz",
      "integrity": "sha512-8XkAphELsDnEGrDxUOHB3RGvXz6TeuYSGEZBOjtTtPm2lwhGBjLgOzLHB63IUWfBpNucQjND6d3AOudO+H3RWQ==",
      "funding": [
        "https://github.com/sponsors/broofa",
        "https://github.com/sponsors/ctavan"
      ],
      "bin": {
        "uuid": "dist/bin/uuid"
      }
    },
    "node_modules/@microsoft/kiota-authentication-azure": {
      "version": "1.0.0-preview.51",
      "resolved": "https://registry.npmjs.org/@microsoft/kiota-authentication-azure/-/kiota-authentication-azure-1.0.0-preview.51.tgz",
      "integrity": "sha512-1YHZO4F5bsy5Ug6KQZUtpo7zRPJkIl4Gd1n9rOuadbZuh26usDhB2ymfxqS/MA5YM3XN4aw/AnCTsWVfdVg/NA==",
      "dependencies": {
        "@azure/core-auth": "^1.5.0",
        "@microsoft/kiota-abstractions": "*",
        "@opentelemetry/api": "^1.7.0",
        "tslib": "^2.6.2"
      }
    },
    "node_modules/@microsoft/kiota-http-fetchlibrary": {
      "version": "1.0.0-preview.55",
      "resolved": "https://registry.npmjs.org/@microsoft/kiota-http-fetchlibrary/-/kiota-http-fetchlibrary-1.0.0-preview.55.tgz",
      "integrity": "sha512-5AGHsXc3FNW5Vwf1cz3ON65ZmnW8ZHatRgZRWzT0LjeGGFiKz/3CNKVgYG1Xudk5w7JwuM1DO9VAlqfw8uiHqQ==",
      "dependencies": {
        "@microsoft/kiota-abstractions": "*",
        "@opentelemetry/api": "^1.7.0",
        "guid-typescript": "^1.0.9",
        "tslib": "^2.6.2"
      }
    },
    "node_modules/@microsoft/kiota-serialization-form": {
      "version": "1.0.0-preview.45",
      "resolved": "https://registry.npmjs.org/@microsoft/kiota-serialization-form/-/kiota-serialization-form-1.0.0-preview.45.tgz",
      "integrity": "sha512-UnYECyOCCq5Rr+EtKRo/MSY+7r+M7ZoCMUvKX5jAP3b3cpkKy33wSi269SlFxh7ibNmjWB1tnDENuu+iVC4H9w==",
      "dependencies": {
        "@microsoft/kiota-abstractions": "*",
        "guid-typescript": "^1.0.9",
        "tslib": "^2.6.2"
      }
    },
    "node_modules/@microsoft/kiota-serialization-json": {
      "version": "1.0.0-preview.56",
      "resolved": "https://registry.npmjs.org/@microsoft/kiota-serialization-json/-/kiota-serialization-json-1.0.0-preview.56.tgz",
      "integrity": "sha512-PKQ9xJP7sj+kWFZVkF9TDlsoYA7BDP+4SNq4+A5Dod0qxi2pdb3UoBZUMLr8DENaaKWStQpNpx2+Yad8wJlxxw==",
      "dependencies": {
        "@microsoft/kiota-abstractions": "*",
        "guid-typescript": "^1.0.9",
        "tslib": "^2.6.2"
      }
    },
    "node_modules/@microsoft/kiota-serialization-multipart": {
      "version": "1.0.0-preview.34",
      "resolved": "https://registry.npmjs.org/@microsoft/kiota-serialization-multipart/-/kiota-serialization-multipart-1.0.0-preview.34.tgz",
      "integrity": "sha512-dPkIXIdnO5SACdKyAh3HYsuvFJ2I1L/Z0BUnzv9gGGQW8h8DsFi3J1HEYsahhD7en35WWCSKVzESe+aWtp9hDw==",
      "dependencies": {
        "@microsoft/kiota-abstractions": "*",
        "guid-typescript": "^1.0.9",
        "tslib": "^2.6.2"
      }
    },
    "node_modules/@microsoft/kiota-serialization-text": {
      "version": "1.0.0-preview.53",
      "resolved": "https://registry.npmjs.org/@microsoft/kiota-serialization-text/-/kiota-serialization-text-1.0.0-preview.53.tgz",
      "integrity": "sha512-W6BwkmvL85pLxmY38o60vc2RtBDatSeT4x/MJEAXkVZCpIkXh0p0Pe/Fiy3xkyvRNdHTUbklz5wpw1shLucleg==",
      "dependencies": {
        "@microsoft/kiota-abstractions": "*",
        "guid-typescript": "^1.0.9",
        "tslib": "^2.6.2"
      }
    },
    "node_modules/@microsoft/msgraph-sdk": {
      "version": "1.0.0-preview.27",
      "resolved": "https://registry.npmjs.org/@microsoft/msgraph-sdk/-/msgraph-sdk-1.0.0-preview.27.tgz",
      "integrity": "sha512-eVBTHn7VFiipWiF5h6yiO8fD6hWRctXmEV6odIrlOv+VHmZ1ZkIFP+0oE+RtCwJWmhRNyoczJVyP9bMZgODcnw==",
      "license": "MIT",
      "dependencies": {
        "@microsoft/kiota-abstractions": "^1.0.0-preview.39",
        "@microsoft/kiota-serialization-form": "^1.0.0-preview.28",
        "@microsoft/kiota-serialization-json": "^1.0.0-preview.39",
        "@microsoft/kiota-serialization-multipart": "^1.0.0-preview.18",
        "@microsoft/kiota-serialization-text": "^1.0.0-preview.36",
        "@microsoft/msgraph-sdk-core": "^1.0.0-preview.2",
        "guid-typescript": "^1.0.9",
        "tslib": "^2.6.2"
      }
    },
    "node_modules/@microsoft/msgraph-sdk-core": {
      "version": "1.0.0-preview.7",
      "resolved": "https://registry.npmjs.org/@microsoft/msgraph-sdk-core/-/msgraph-sdk-core-1.0.0-preview.7.tgz",
      "integrity": "sha512-MsB5YHjZtGWKfA+eskOfSN6YDVRiTnuMKhIXzMY74rDSJl2U1Ela4jsb5Z+YDv9nn++B4afljE2DOMs0UCvPLg==",
      "dependencies": {
        "@microsoft/kiota-abstractions": "^1.0.0-preview.39",
        "@microsoft/kiota-http-fetchlibrary": "^1.0.0-preview.38",
        "@microsoft/kiota-serialization-form": "^1.0.0-preview.28",
        "@microsoft/kiota-serialization-json": "^1.0.0-preview.39",
        "@microsoft/kiota-serialization-multipart": "^1.0.0-preview.18",
        "@microsoft/kiota-serialization-text": "^1.0.0-preview.36",
        "guid-typescript": "^1.0.9",
        "tslib": "^2.6.2"
      }
    },
    "node_modules/@microsoft/msgraph-sdk-users": {
      "version": "1.0.0-preview.27",
      "resolved": "https://registry.npmjs.org/@microsoft/msgraph-sdk-users/-/msgraph-sdk-users-1.0.0-preview.27.tgz",
      "integrity": "sha512-j5fgRxNF7Z3oTvi+yMIS5pKFCC1r7LwmwVY/la8gBpsdlKK0Ljzz66HIk0aa7mRhflHk4vah60t6iiw5hEw3Dg==",
      "license": "MIT",
      "dependencies": {
        "@microsoft/kiota-abstractions": "^1.0.0-preview.39",
        "@microsoft/kiota-serialization-form": "^1.0.0-preview.28",
        "@microsoft/kiota-serialization-json": "^1.0.0-preview.39",
        "@microsoft/kiota-serialization-multipart": "^1.0.0-preview.18",
        "@microsoft/kiota-serialization-text": "^1.0.0-preview.36",
        "@microsoft/msgraph-sdk": "^1.0.0-preview.27",
        "guid-typescript": "^1.0.9",
        "tslib": "^2.6.2"
      }
    },
    "node_modules/@opentelemetry/api": {
      "version": "1.9.0",
      "resolved": "https://registry.npmjs.org/@opentelemetry/api/-/api-1.9.0.tgz",
      "integrity": "sha512-3giAOQvZiH5F9bMlMiv8+GSPMeqg0dbaeo58/0SlA9sxSqZhnUtxzX9/2FzyhS9sWQf5S0GJE0AKBrFqjpeYcg==",
      "engines": {
        "node": ">=8.0.0"
      }
    },
    "node_modules/@std-uritemplate/std-uritemplate": {
      "version": "0.0.59",
      "resolved": "https://registry.npmjs.org/@std-uritemplate/std-uritemplate/-/std-uritemplate-0.0.59.tgz",
      "integrity": "sha512-S9RcLJbm9ZgrHGZ//iDPH3T2pssGC5ae+jugRsKTooubZ9VjZc4W3sH+kBAh5rQY+D/mC6pWmFQrY3oIPtSPiw=="
    },
    "node_modules/agent-base": {
      "version": "7.1.1",
      "resolved": "https://registry.npmjs.org/agent-base/-/agent-base-7.1.1.tgz",
      "integrity": "sha512-H0TSyFNDMomMNJQBn8wFV5YC/2eJ+VXECwOadZJT554xP6cODZHPX3H9QMQECxvrgiSOP1pHjy1sMWQVYJOUOA==",
      "dependencies": {
        "debug": "^4.3.4"
      },
      "engines": {
        "node": ">= 14"
      }
    },
    "node_modules/buffer-equal-constant-time": {
      "version": "1.0.1",
      "resolved": "https://registry.npmjs.org/buffer-equal-constant-time/-/buffer-equal-constant-time-1.0.1.tgz",
      "integrity": "sha512-zRpUiDwd/xk6ADqPMATG8vc9VPrkck7T07OIx0gnjmJAnHnTVXNQG3vfvWNuiZIkwu9KrKdA1iJKfsfTVxE6NA=="
    },
    "node_modules/debug": {
      "version": "4.3.5",
      "resolved": "https://registry.npmjs.org/debug/-/debug-4.3.5.tgz",
      "integrity": "sha512-pt0bNEmneDIvdL1Xsd9oDQ/wrQRkXDT4AUWlNZNPKvW5x/jyO9VFXkJUP07vQ2upmw5PlaITaPKc31jK13V+jg==",
      "dependencies": {
        "ms": "2.1.2"
      },
      "engines": {
        "node": ">=6.0"
      },
      "peerDependenciesMeta": {
        "supports-color": {
          "optional": true
        }
      }
    },
    "node_modules/define-lazy-prop": {
      "version": "2.0.0",
      "resolved": "https://registry.npmjs.org/define-lazy-prop/-/define-lazy-prop-2.0.0.tgz",
      "integrity": "sha512-Ds09qNh8yw3khSjiJjiUInaGX9xlqZDY7JVryGxdxV7NPeuqQfplOpQ66yJFZut3jLa5zOwkXw1g9EI2uKh4Og==",
      "engines": {
        "node": ">=8"
      }
    },
    "node_modules/ecdsa-sig-formatter": {
      "version": "1.0.11",
      "resolved": "https://registry.npmjs.org/ecdsa-sig-formatter/-/ecdsa-sig-formatter-1.0.11.tgz",
      "integrity": "sha512-nagl3RYrbNv6kQkeJIpt6NJZy8twLB/2vtz6yN9Z4vRKHN4/QZJIEbqohALSgwKdnksuY3k5Addp5lg8sVoVcQ==",
      "dependencies": {
        "safe-buffer": "^5.0.1"
      }
    },
    "node_modules/esbuild": {
      "version": "0.21.5",
      "resolved": "https://registry.npmjs.org/esbuild/-/esbuild-0.21.5.tgz",
      "integrity": "sha512-mg3OPMV4hXywwpoDxu3Qda5xCKQi+vCTZq8S9J/EpkhB2HzKXq4SNFZE3+NK93JYxc8VMSep+lOUSC/RVKaBqw==",
      "hasInstallScript": true,
      "bin": {
        "esbuild": "bin/esbuild"
      },
      "engines": {
        "node": ">=12"
      },
      "optionalDependencies": {
        "@esbuild/aix-ppc64": "0.21.5",
        "@esbuild/android-arm": "0.21.5",
        "@esbuild/android-arm64": "0.21.5",
        "@esbuild/android-x64": "0.21.5",
        "@esbuild/darwin-arm64": "0.21.5",
        "@esbuild/darwin-x64": "0.21.5",
        "@esbuild/freebsd-arm64": "0.21.5",
        "@esbuild/freebsd-x64": "0.21.5",
        "@esbuild/linux-arm": "0.21.5",
        "@esbuild/linux-arm64": "0.21.5",
        "@esbuild/linux-ia32": "0.21.5",
        "@esbuild/linux-loong64": "0.21.5",
        "@esbuild/linux-mips64el": "0.21.5",
        "@esbuild/linux-ppc64": "0.21.5",
        "@esbuild/linux-riscv64": "0.21.5",
        "@esbuild/linux-s390x": "0.21.5",
        "@esbuild/linux-x64": "0.21.5",
        "@esbuild/netbsd-x64": "0.21.5",
        "@esbuild/openbsd-x64": "0.21.5",
        "@esbuild/sunos-x64": "0.21.5",
        "@esbuild/win32-arm64": "0.21.5",
        "@esbuild/win32-ia32": "0.21.5",
        "@esbuild/win32-x64": "0.21.5"
      }
    },
    "node_modules/events": {
      "version": "3.3.0",
      "resolved": "https://registry.npmjs.org/events/-/events-3.3.0.tgz",
      "integrity": "sha512-mQw+2fkQbALzQ7V0MY0IqdnXNOeTtP4r0lN9z7AAawCXgqea7bDii20AYrIBrFd/Hx0M2Ocz6S111CaFkUcb0Q==",
      "engines": {
        "node": ">=0.8.x"
      }
    },
    "node_modules/fsevents": {
      "version": "2.3.3",
      "resolved": "https://registry.npmjs.org/fsevents/-/fsevents-2.3.3.tgz",
      "integrity": "sha512-5xoDfX+fL7faATnagmWPpbFtwh/R77WmMMqqHGS65C3vvB0YHrgF+B1YmZ3441tMj5n63k0212XNoJwzlhffQw==",
      "hasInstallScript": true,
      "optional": true,
      "os": [
        "darwin"
      ],
      "engines": {
        "node": "^8.16.0 || ^10.6.0 || >=11.0.0"
      }
    },
    "node_modules/get-tsconfig": {
      "version": "4.7.5",
      "resolved": "https://registry.npmjs.org/get-tsconfig/-/get-tsconfig-4.7.5.tgz",
      "integrity": "sha512-ZCuZCnlqNzjb4QprAzXKdpp/gh6KTxSJuw3IBsPnV/7fV4NxC9ckB+vPTt8w7fJA0TaSD7c55BR47JD6MEDyDw==",
      "dependencies": {
        "resolve-pkg-maps": "^1.0.0"
      },
      "funding": {
        "url": "https://github.com/privatenumber/get-tsconfig?sponsor=1"
      }
    },
    "node_modules/guid-typescript": {
      "version": "1.0.9",
      "resolved": "https://registry.npmjs.org/guid-typescript/-/guid-typescript-1.0.9.tgz",
      "integrity": "sha512-Y8T4vYhEfwJOTbouREvG+3XDsjr8E3kIr7uf+JZ0BYloFsttiHU0WfvANVsR7TxNUJa/WpCnw/Ino/p+DeBhBQ=="
    },
    "node_modules/http-proxy-agent": {
      "version": "7.0.2",
      "resolved": "https://registry.npmjs.org/http-proxy-agent/-/http-proxy-agent-7.0.2.tgz",
      "integrity": "sha512-T1gkAiYYDWYx3V5Bmyu7HcfcvL7mUrTWiM6yOfa3PIphViJ/gFPbvidQ+veqSOHci/PxBcDabeUNCzpOODJZig==",
      "dependencies": {
        "agent-base": "^7.1.0",
        "debug": "^4.3.4"
      },
      "engines": {
        "node": ">= 14"
      }
    },
    "node_modules/https-proxy-agent": {
      "version": "7.0.4",
      "resolved": "https://registry.npmjs.org/https-proxy-agent/-/https-proxy-agent-7.0.4.tgz",
      "integrity": "sha512-wlwpilI7YdjSkWaQ/7omYBMTliDcmCN8OLihO6I9B86g06lMyAoqgoDpV0XqoaPOKj+0DIdAvnsWfyAAhmimcg==",
      "dependencies": {
        "agent-base": "^7.0.2",
        "debug": "4"
      },
      "engines": {
        "node": ">= 14"
      }
    },
    "node_modules/is-docker": {
      "version": "2.2.1",
      "resolved": "https://registry.npmjs.org/is-docker/-/is-docker-2.2.1.tgz",
      "integrity": "sha512-F+i2BKsFrH66iaUFc0woD8sLy8getkwTwtOBjvs56Cx4CgJDeKQeqfz8wAYiSb8JOprWhHH5p77PbmYCvvUuXQ==",
      "bin": {
        "is-docker": "cli.js"
      },
      "engines": {
        "node": ">=8"
      },
      "funding": {
        "url": "https://github.com/sponsors/sindresorhus"
      }
    },
    "node_modules/is-wsl": {
      "version": "2.2.0",
      "resolved": "https://registry.npmjs.org/is-wsl/-/is-wsl-2.2.0.tgz",
      "integrity": "sha512-fKzAra0rGJUUBwGBgNkHZuToZcn+TtXHpeCgmkMJMMYx1sQDYaCSyjJBSCa2nH1DGm7s3n1oBnohoVTBaN7Lww==",
      "dependencies": {
        "is-docker": "^2.0.0"
      },
      "engines": {
        "node": ">=8"
      }
    },
    "node_modules/jsonwebtoken": {
      "version": "9.0.2",
      "resolved": "https://registry.npmjs.org/jsonwebtoken/-/jsonwebtoken-9.0.2.tgz",
      "integrity": "sha512-PRp66vJ865SSqOlgqS8hujT5U4AOgMfhrwYIuIhfKaoSCZcirrmASQr8CX7cUg+RMih+hgznrjp99o+W4pJLHQ==",
      "dependencies": {
        "jws": "^3.2.2",
        "lodash.includes": "^4.3.0",
        "lodash.isboolean": "^3.0.3",
        "lodash.isinteger": "^4.0.4",
        "lodash.isnumber": "^3.0.3",
        "lodash.isplainobject": "^4.0.6",
        "lodash.isstring": "^4.0.1",
        "lodash.once": "^4.0.0",
        "ms": "^2.1.1",
        "semver": "^7.5.4"
      },
      "engines": {
        "node": ">=12",
        "npm": ">=6"
      }
    },
    "node_modules/jsonwebtoken/node_modules/jwa": {
      "version": "1.4.1",
      "resolved": "https://registry.npmjs.org/jwa/-/jwa-1.4.1.tgz",
      "integrity": "sha512-qiLX/xhEEFKUAJ6FiBMbes3w9ATzyk5W7Hvzpa/SLYdxNtng+gcurvrI7TbACjIXlsJyr05/S1oUhZrc63evQA==",
      "dependencies": {
        "buffer-equal-constant-time": "1.0.1",
        "ecdsa-sig-formatter": "1.0.11",
        "safe-buffer": "^5.0.1"
      }
    },
    "node_modules/jsonwebtoken/node_modules/jws": {
      "version": "3.2.2",
      "resolved": "https://registry.npmjs.org/jws/-/jws-3.2.2.tgz",
      "integrity": "sha512-YHlZCB6lMTllWDtSPHz/ZXTsi8S00usEV6v1tjq8tOUZzw7DpSDWVXjXDre6ed1w/pd495ODpHZYSdkRTsa0HA==",
      "dependencies": {
        "jwa": "^1.4.1",
        "safe-buffer": "^5.0.1"
      }
    },
    "node_modules/jwa": {
      "version": "2.0.0",
      "resolved": "https://registry.npmjs.org/jwa/-/jwa-2.0.0.tgz",
      "integrity": "sha512-jrZ2Qx916EA+fq9cEAeCROWPTfCwi1IVHqT2tapuqLEVVDKFDENFw1oL+MwrTvH6msKxsd1YTDVw6uKEcsrLEA==",
      "dependencies": {
        "buffer-equal-constant-time": "1.0.1",
        "ecdsa-sig-formatter": "1.0.11",
        "safe-buffer": "^5.0.1"
      }
    },
    "node_modules/jws": {
      "version": "4.0.0",
      "resolved": "https://registry.npmjs.org/jws/-/jws-4.0.0.tgz",
      "integrity": "sha512-KDncfTmOZoOMTFG4mBlG0qUIOlc03fmzH+ru6RgYVZhPkyiy/92Owlt/8UEN+a4TXR1FQetfIpJE8ApdvdVxTg==",
      "dependencies": {
        "jwa": "^2.0.0",
        "safe-buffer": "^5.0.1"
      }
    },
    "node_modules/lodash.includes": {
      "version": "4.3.0",
      "resolved": "https://registry.npmjs.org/lodash.includes/-/lodash.includes-4.3.0.tgz",
      "integrity": "sha512-W3Bx6mdkRTGtlJISOvVD/lbqjTlPPUDTMnlXZFnVwi9NKJ6tiAk6LVdlhZMm17VZisqhKcgzpO5Wz91PCt5b0w=="
    },
    "node_modules/lodash.isboolean": {
      "version": "3.0.3",
      "resolved": "https://registry.npmjs.org/lodash.isboolean/-/lodash.isboolean-3.0.3.tgz",
      "integrity": "sha512-Bz5mupy2SVbPHURB98VAcw+aHh4vRV5IPNhILUCsOzRmsTmSQ17jIuqopAentWoehktxGd9e/hbIXq980/1QJg=="
    },
    "node_modules/lodash.isinteger": {
      "version": "4.0.4",
      "resolved": "https://registry.npmjs.org/lodash.isinteger/-/lodash.isinteger-4.0.4.tgz",
      "integrity": "sha512-DBwtEWN2caHQ9/imiNeEA5ys1JoRtRfY3d7V9wkqtbycnAmTvRRmbHKDV4a0EYc678/dia0jrte4tjYwVBaZUA=="
    },
    "node_modules/lodash.isnumber": {
      "version": "3.0.3",
      "resolved": "https://registry.npmjs.org/lodash.isnumber/-/lodash.isnumber-3.0.3.tgz",
      "integrity": "sha512-QYqzpfwO3/CWf3XP+Z+tkQsfaLL/EnUlXWVkIk5FUPc4sBdTehEqZONuyRt2P67PXAk+NXmTBcc97zw9t1FQrw=="
    },
    "node_modules/lodash.isplainobject": {
      "version": "4.0.6",
      "resolved": "https://registry.npmjs.org/lodash.isplainobject/-/lodash.isplainobject-4.0.6.tgz",
      "integrity": "sha512-oSXzaWypCMHkPC3NvBEaPHf0KsA5mvPrOPgQWDsbg8n7orZ290M0BmC/jgRZ4vcJ6DTAhjrsSYgdsW/F+MFOBA=="
    },
    "node_modules/lodash.isstring": {
      "version": "4.0.1",
      "resolved": "https://registry.npmjs.org/lodash.isstring/-/lodash.isstring-4.0.1.tgz",
      "integrity": "sha512-0wJxfxH1wgO3GrbuP+dTTk7op+6L41QCXbGINEmD+ny/G/eCqGzxyCsh7159S+mgDDcoarnBw6PC1PS5+wUGgw=="
    },
    "node_modules/lodash.once": {
      "version": "4.1.1",
      "resolved": "https://registry.npmjs.org/lodash.once/-/lodash.once-4.1.1.tgz",
      "integrity": "sha512-Sb487aTOCr9drQVL8pIxOzVhafOjZN9UU54hiN8PU3uAiSV7lx1yYNpbNmex2PK6dSJoNTSJUUswT651yww3Mg=="
    },
    "node_modules/ms": {
      "version": "2.1.2",
      "resolved": "https://registry.npmjs.org/ms/-/ms-2.1.2.tgz",
      "integrity": "sha512-sGkPx+VjMtmA6MX27oA4FBFELFCZZ4S4XqeGOXCv68tT+jb3vk/RyaKWP0PTKyWtmLSM0b+adUTEvbs1PEaH2w=="
    },
    "node_modules/open": {
      "version": "8.4.2",
      "resolved": "https://registry.npmjs.org/open/-/open-8.4.2.tgz",
      "integrity": "sha512-7x81NCL719oNbsq/3mh+hVrAWmFuEYUqrq/Iw3kUzH8ReypT9QQ0BLoJS7/G9k6N81XjW4qHWtjWwe/9eLy1EQ==",
      "dependencies": {
        "define-lazy-prop": "^2.0.0",
        "is-docker": "^2.1.1",
        "is-wsl": "^2.2.0"
      },
      "engines": {
        "node": ">=12"
      },
      "funding": {
        "url": "https://github.com/sponsors/sindresorhus"
      }
    },
    "node_modules/resolve-pkg-maps": {
      "version": "1.0.0",
      "resolved": "https://registry.npmjs.org/resolve-pkg-maps/-/resolve-pkg-maps-1.0.0.tgz",
      "integrity": "sha512-seS2Tj26TBVOC2NIc2rOe2y2ZO7efxITtLZcGSOnHHNOQ7CkiUBfw0Iw2ck6xkIhPwLhKNLS8BO+hEpngQlqzw==",
      "funding": {
        "url": "https://github.com/privatenumber/resolve-pkg-maps?sponsor=1"
      }
    },
    "node_modules/safe-buffer": {
      "version": "5.2.1",
      "resolved": "https://registry.npmjs.org/safe-buffer/-/safe-buffer-5.2.1.tgz",
      "integrity": "sha512-rp3So07KcdmmKbGvgaNxQSJr7bGVSVk5S9Eq1F+ppbRo70+YeaDxkw5Dd8NPN+GD6bjnYm2VuPuCXmpuYvmCXQ==",
      "funding": [
        {
          "type": "github",
          "url": "https://github.com/sponsors/feross"
        },
        {
          "type": "patreon",
          "url": "https://www.patreon.com/feross"
        },
        {
          "type": "consulting",
          "url": "https://feross.org/support"
        }
      ]
    },
    "node_modules/semver": {
      "version": "7.6.2",
      "resolved": "https://registry.npmjs.org/semver/-/semver-7.6.2.tgz",
      "integrity": "sha512-FNAIBWCx9qcRhoHcgcJ0gvU7SN1lYU2ZXuSfl04bSC5OpvDHFyJCjdNHomPXxjQlCBU67YW64PzY7/VIEH7F2w==",
      "bin": {
        "semver": "bin/semver.js"
      },
      "engines": {
        "node": ">=10"
      }
    },
    "node_modules/stoppable": {
      "version": "1.1.0",
      "resolved": "https://registry.npmjs.org/stoppable/-/stoppable-1.1.0.tgz",
      "integrity": "sha512-KXDYZ9dszj6bzvnEMRYvxgeTHU74QBFL54XKtP3nyMuJ81CFYtABZ3bAzL2EdFUaEwJOBOgENyFj3R7oTzDyyw==",
      "engines": {
        "node": ">=4",
        "npm": ">=6"
      }
    },
    "node_modules/tinyduration": {
      "version": "3.3.1",
      "resolved": "https://registry.npmjs.org/tinyduration/-/tinyduration-3.3.1.tgz",
      "integrity": "sha512-39iO6CyHMFTPv9PKFxXPXa1DDc2JHog4oGK6x3fG75T+chRO+SKmuEPT00myYs3aGFIq3nQ6U5J5c5hR0PMKjw=="
    },
    "node_modules/tslib": {
      "version": "2.6.3",
      "resolved": "https://registry.npmjs.org/tslib/-/tslib-2.6.3.tgz",
      "integrity": "sha512-xNvxJEOUiWPGhUuUdQgAJPKOOJfGnIyKySOc09XkKsgdUV/3E2zvwZYdejjmRgPCgcym1juLH3226yA7sEFJKQ=="
    },
    "node_modules/tsx": {
      "version": "4.15.7",
      "resolved": "https://registry.npmjs.org/tsx/-/tsx-4.15.7.tgz",
      "integrity": "sha512-u3H0iSFDZM3za+VxkZ1kywdCeHCn+8/qHQS1MNoO2sONDgD95HlWtt8aB23OzeTmFP9IU4/8bZUdg58Uu5J4cg==",
      "license": "MIT",
      "dependencies": {
        "esbuild": "~0.21.4",
        "get-tsconfig": "^4.7.5"
      },
      "bin": {
        "tsx": "dist/cli.mjs"
      },
      "engines": {
        "node": ">=18.0.0"
      },
      "optionalDependencies": {
        "fsevents": "~2.3.3"
      }
    },
    "node_modules/typescript": {
      "version": "5.5.2",
      "resolved": "https://registry.npmjs.org/typescript/-/typescript-5.5.2.tgz",
      "integrity": "sha512-NcRtPEOsPFFWjobJEtfihkLCZCXZt/os3zf8nTxjVH3RvTSxjrCamJpbExGvYOF+tFHc3pA65qpdwPbzjohhew==",
      "license": "Apache-2.0",
      "bin": {
        "tsc": "bin/tsc",
        "tsserver": "bin/tsserver"
      },
      "engines": {
        "node": ">=14.17"
      }
    },
    "node_modules/uuid": {
      "version": "8.3.2",
      "resolved": "https://registry.npmjs.org/uuid/-/uuid-8.3.2.tgz",
      "integrity": "sha512-+NYs2QeMWy+GWFOEm9xnn6HCDp0l7QBD7ml8zLUmJ+93Q5NF0NocErnwkTkXVFNiX3/fpC6afS8Dhb/gz7R7eg==",
      "bin": {
        "uuid": "dist/bin/uuid"
      }
    }
  }
}
